
Microsoft Visual Studio Solution File, Format Version 12.00
# Visual Studio Version 17
VisualStudioVersion = 17.6.33723.286
MinimumVisualStudioVersion = 10.0.40219.1
Project("{9A19103F-16F7-4668-BE54-9A1E7A4F7556}") = "AcsApi", "AcsApi\AcsApi.csproj", "{9C40E323-EFC8-436C-B81D-23DA3DD9CD8A}"
EndProject
Project("{9A19103F-16F7-4668-BE54-9A1E7A4F7556}") = "Entities", "Entities.Layer\Entities.csproj", "{909D5700-5120-4C49-98C9-3BF3AE38967C}"
EndProject
Project("{9A19103F-16F7-4668-BE54-9A1E7A4F7556}") = "Repositories", "Repositories.Layer\Repositories.csproj", "{E05B88DA-7F54-47AB-9EA5-F689B6440762}"
EndProject
Project("{9A19103F-16F7-4668-BE54-9A1E7A4F7556}") = "Service", "Service.Layer\Service.csproj", "{7149AB0E-5134-479F-8783-FF083DA7F8E0}"
EndProject
Project("{9A19103F-16F7-4668-BE54-9A1E7A4F7556}") = "Presentation", "Presentation.Layer\Presentation.csproj", "{AA6E2799-71DB-4CE5-A181-6E53F1099ECC}"
EndProject
Global
	GlobalSection(SolutionConfigurationPlatforms) = preSolution
		Debug|Any CPU = Debug|Any CPU
		Release|Any CPU = Release|Any CPU
	EndGlobalSection
	GlobalSection(ProjectConfigurationPlatforms) = postSolution
		{9C40E323-EFC8-436C-B81D-23DA3DD9CD8A}.Debug|Any CPU.ActiveCfg = Debug|Any CPU
		{9C40E323-EFC8-436C-B81D-23DA3DD9CD8A}.Debug|Any CPU.Build.0 = Debug|Any CPU
		{9C40E323-EFC8-436C-B81D-23DA3DD9CD8A}.Release|Any CPU.ActiveCfg = Release|Any CPU
		{9C40E323-EFC8-436C-B81D-23DA3DD9CD8A}.Release|Any CPU.Build.0 = Release|Any CPU
		{909D5700-5120-4C49-98C9-3BF3AE38967C}.Debug|Any CPU.ActiveCfg = Debug|Any CPU
		{909D5700-5120-4C49-98C9-3BF3AE38967C}.Debug|Any CPU.Build.0 = Debug|Any CPU
		{909D5700-5120-4C49-98C9-3BF3AE38967C}.Release|Any CPU.ActiveCfg = Release|Any CPU
		{909D5700-5120-4C49-98C9-3BF3AE38967C}.Release|Any CPU.Build.0 = Release|Any CPU
		{E05B88DA-7F54-47AB-9EA5-F689B6440762}.Debug|Any CPU.ActiveCfg = Debug|Any CPU
		{E05B88DA-7F54-47AB-9EA5-F689B6440762}.Debug|Any CPU.Build.0 = Debug|Any CPU
		{E05B88DA-7F54-47AB-9EA5-F689B6440762}.Release|Any CPU.ActiveCfg = Release|Any CPU
		{E05B88DA-7F54-47AB-9EA5-F689B6440762}.Release|Any CPU.Build.0 = Release|Any CPU
		{7149AB0E-5134-479F-8783-FF083DA7F8E0}.Debug|Any CPU.ActiveCfg = Debug|Any CPU
		{7149AB0E-5134-479F-8783-FF083DA7F8E0}.Debug|Any CPU.Build.0 = Debug|Any CPU
		{7149AB0E-5134-479F-8783-FF083DA7F8E0}.Release|Any CPU.ActiveCfg = Release|Any CPU
		{7149AB0E-5134-479F-8783-FF083DA7F8E0}.Release|Any CPU.Build.0 = Release|Any CPU
		{AA6E2799-71DB-4CE5-A181-6E53F1099ECC}.Debug|Any CPU.ActiveCfg = Debug|Any CPU
		{AA6E2799-71DB-4CE5-A181-6E53F1099ECC}.Debug|Any CPU.Build.0 = Debug|Any CPU
		{AA6E2799-71DB-4CE5-A181-6E53F1099ECC}.Release|Any CPU.ActiveCfg = Release|Any CPU
		{AA6E2799-71DB-4CE5-A181-6E53F1099ECC}.Release|Any CPU.Build.0 = Release|Any CPU
	EndGlobalSection
	GlobalSection(SolutionProperties) = preSolution
		HideSolutionNode = FALSE
	EndGlobalSection
	GlobalSection(ExtensibilityGlobals) = postSolution
		SolutionGuid = {284F0670-BDF7-4953-9495-BD61958D510B}
	EndGlobalSection
EndGlobal
